
Microsoft Visual Studio Solution File, Format Version 12.00
# Visual Studio Version 17
VisualStudioVersion = 17.9.34701.34
MinimumVisualStudioVersion = 10.0.40219.1
Project("{FAE04EC0-301F-11D3-BF4B-00C04F79EFBC}") = "StringEj03", "StringEj03.csproj", "{5CE33B70-B24D-456E-B053-7015C525F508}"
EndProject
Global
	GlobalSection(SolutionConfigurationPlatforms) = preSolution
		Debug|Any CPU = Debug|Any CPU
		Release|Any CPU = Release|Any CPU
	EndGlobalSection
	GlobalSection(ProjectConfigurationPlatforms) = postSolution
		{5CE33B70-B24D-456E-B053-7015C525F508}.Debug|Any CPU.ActiveCfg = Debug|Any CPU
		{5CE33B70-B24D-456E-B053-7015C525F508}.Debug|Any CPU.Build.0 = Debug|Any CPU
		{5CE33B70-B24D-456E-B053-7015C525F508}.Release|Any CPU.ActiveCfg = Release|Any CPU
		{5CE33B70-B24D-456E-B053-7015C525F508}.Release|Any CPU.Build.0 = Release|Any CPU
	EndGlobalSection
	GlobalSection(SolutionProperties) = preSolution
		HideSolutionNode = FALSE
	EndGlobalSection
	GlobalSection(ExtensibilityGlobals) = postSolution
		SolutionGuid = {127EE068-42F9-4DAF-AEDF-2ABBF1693206}
	EndGlobalSection
EndGlobal
