
Microsoft Visual Studio Solution File, Format Version 12.00
# Visual Studio Version 17
VisualStudioVersion = 17.9.34701.34
MinimumVisualStudioVersion = 10.0.40219.1
Project("{FAE04EC0-301F-11D3-BF4B-00C04F79EFBC}") = "Ej06", "Ej06.csproj", "{1C3A4AE8-2E7C-4457-8E2E-A7D013C0495B}"
EndProject
Global
	GlobalSection(SolutionConfigurationPlatforms) = preSolution
		Debug|Any CPU = Debug|Any CPU
		Release|Any CPU = Release|Any CPU
	EndGlobalSection
	GlobalSection(ProjectConfigurationPlatforms) = postSolution
		{1C3A4AE8-2E7C-4457-8E2E-A7D013C0495B}.Debug|Any CPU.ActiveCfg = Debug|Any CPU
		{1C3A4AE8-2E7C-4457-8E2E-A7D013C0495B}.Debug|Any CPU.Build.0 = Debug|Any CPU
		{1C3A4AE8-2E7C-4457-8E2E-A7D013C0495B}.Release|Any CPU.ActiveCfg = Release|Any CPU
		{1C3A4AE8-2E7C-4457-8E2E-A7D013C0495B}.Release|Any CPU.Build.0 = Release|Any CPU
	EndGlobalSection
	GlobalSection(SolutionProperties) = preSolution
		HideSolutionNode = FALSE
	EndGlobalSection
	GlobalSection(ExtensibilityGlobals) = postSolution
		SolutionGuid = {5C2F9497-F336-4456-BF6E-F4C5CE89E19D}
	EndGlobalSection
EndGlobal
